
Microsoft Visual Studio Solution File, Format Version 12.00
# Visual Studio Version 17
VisualStudioVersion = 17.2.32616.157
MinimumVisualStudioVersion = 10.0.40219.1
Project("{9A19103F-16F7-4668-BE54-9A1E7A4F7556}") = "ManageNote", "ManageNote\ManageNote.csproj", "{6134295F-B293-43CC-B45D-9C59E3C460EA}"
EndProject
Project("{2150E333-8FDC-42A3-9474-1A3956D46DE8}") = "ManageNote.DAL", "ManageNote.DAL", "{2C3BA763-726E-4C88-A13D-30C3476F701C}"
EndProject
Project("{2150E333-8FDC-42A3-9474-1A3956D46DE8}") = "ManageNote.Domain", "ManageNote.Domain", "{92570433-9EBD-4760-A390-34A3FE4E8C1F}"
EndProject
Project("{2150E333-8FDC-42A3-9474-1A3956D46DE8}") = "ManageNote.Service", "ManageNote.Service", "{69C505AE-67F5-4A43-B253-6E5426FD378C}"
EndProject
Project("{9A19103F-16F7-4668-BE54-9A1E7A4F7556}") = "ManageNote.DAL", "ManageNote.DAL\ManageNote.DAL.csproj", "{77EF4E31-8DBD-499C-AC9B-93A8330DFF9F}"
EndProject
Project("{9A19103F-16F7-4668-BE54-9A1E7A4F7556}") = "ManageNote.Domain", "ManageNote.Domain\ManageNote.Domain.csproj", "{13375791-706B-4CC5-B118-DEF7B24AAD08}"
EndProject
Project("{9A19103F-16F7-4668-BE54-9A1E7A4F7556}") = "ManageNote.Service", "ManageNote.Service\ManageNote.Service.csproj", "{8B4EA366-E1E1-44D7-B932-B8365AD73995}"
EndProject
Global
	GlobalSection(SolutionConfigurationPlatforms) = preSolution
		Debug|Any CPU = Debug|Any CPU
		Release|Any CPU = Release|Any CPU
	EndGlobalSection
	GlobalSection(ProjectConfigurationPlatforms) = postSolution
		{6134295F-B293-43CC-B45D-9C59E3C460EA}.Debug|Any CPU.ActiveCfg = Debug|Any CPU
		{6134295F-B293-43CC-B45D-9C59E3C460EA}.Debug|Any CPU.Build.0 = Debug|Any CPU
		{6134295F-B293-43CC-B45D-9C59E3C460EA}.Release|Any CPU.ActiveCfg = Release|Any CPU
		{6134295F-B293-43CC-B45D-9C59E3C460EA}.Release|Any CPU.Build.0 = Release|Any CPU
		{77EF4E31-8DBD-499C-AC9B-93A8330DFF9F}.Debug|Any CPU.ActiveCfg = Debug|Any CPU
		{77EF4E31-8DBD-499C-AC9B-93A8330DFF9F}.Debug|Any CPU.Build.0 = Debug|Any CPU
		{77EF4E31-8DBD-499C-AC9B-93A8330DFF9F}.Release|Any CPU.ActiveCfg = Release|Any CPU
		{77EF4E31-8DBD-499C-AC9B-93A8330DFF9F}.Release|Any CPU.Build.0 = Release|Any CPU
		{13375791-706B-4CC5-B118-DEF7B24AAD08}.Debug|Any CPU.ActiveCfg = Debug|Any CPU
		{13375791-706B-4CC5-B118-DEF7B24AAD08}.Debug|Any CPU.Build.0 = Debug|Any CPU
		{13375791-706B-4CC5-B118-DEF7B24AAD08}.Release|Any CPU.ActiveCfg = Release|Any CPU
		{13375791-706B-4CC5-B118-DEF7B24AAD08}.Release|Any CPU.Build.0 = Release|Any CPU
		{8B4EA366-E1E1-44D7-B932-B8365AD73995}.Debug|Any CPU.ActiveCfg = Debug|Any CPU
		{8B4EA366-E1E1-44D7-B932-B8365AD73995}.Debug|Any CPU.Build.0 = Debug|Any CPU
		{8B4EA366-E1E1-44D7-B932-B8365AD73995}.Release|Any CPU.ActiveCfg = Release|Any CPU
		{8B4EA366-E1E1-44D7-B932-B8365AD73995}.Release|Any CPU.Build.0 = Release|Any CPU
	EndGlobalSection
	GlobalSection(SolutionProperties) = preSolution
		HideSolutionNode = FALSE
	EndGlobalSection
	GlobalSection(NestedProjects) = preSolution
		{77EF4E31-8DBD-499C-AC9B-93A8330DFF9F} = {2C3BA763-726E-4C88-A13D-30C3476F701C}
		{13375791-706B-4CC5-B118-DEF7B24AAD08} = {92570433-9EBD-4760-A390-34A3FE4E8C1F}
		{8B4EA366-E1E1-44D7-B932-B8365AD73995} = {69C505AE-67F5-4A43-B253-6E5426FD378C}
	EndGlobalSection
	GlobalSection(ExtensibilityGlobals) = postSolution
		SolutionGuid = {7BF4AC8C-0A75-4160-94A2-5589CA2419F8}
	EndGlobalSection
EndGlobal
